{
    "_meta": {
        "hash": {
            "sha256": "a4764884db957e12f244416581751eb4ff30c7094974274b308626f35718553a"
        },
        "pipfile-spec": 6,
        "requires": {
            "python_version": "3.6"
        },
        "sources": [
            {
                "name": "pypi",
                "url": "https://pypi.org/simple",
                "verify_ssl": true
            }
        ]
    },
    "default": {
        "absl-py": {
            "hashes": [
                "sha256:0ce45920056fbbb66f52fcee7408ba6311da19f55589b2b3aab9f8af92a0e1f2"
            ],
            "version": "==0.8.0"
        },
        "aiohttp": {
            "hashes": [
                "sha256:1ab7ab0a710135133dcc2980dd48fdd92f6f6066b66ef0356f458f395aa375af",
                "sha256:1cf5b433a0aa3cf45b0acd4adb14cb20d99166aaa967ab89f629635ac263ca64",
                "sha256:27b2bc8ca5555d5dadeee07cc2d6f8c06092c9d9c3f203c79c124d07474d3cf8",
                "sha256:315f55a8469284f3ee54534d76f525b5c104dc514999dca4a007524a458aaba2",
                "sha256:4f3c1572716ce2c8f22877a8185414ec213c057df35d27f7195f185691828608",
                "sha256:635bef0626e28446372511e1fd31585205db2f18dab37a43d8adb30b0483e1bf",
                "sha256:6907359de725e7ccd04b458a0f3322c7d1ba78df3df02e2ceb5abb0e21c975e6",
                "sha256:772cfc0ff7c088d9e211377951a51c8a5173110cf56214f3e3d08a89be07badc",
                "sha256:a91251585acf5203842551e37d2700c13c0bb411fa61b13485ab9e8d2dd400e9",
                "sha256:acbbf0c47aa713d7a4baf52f11a356b01b82cabb53da452328546acaa21c6605",
                "sha256:af7809ce7de6709afc7770403a70dfdbc4e988c91451108c8e123fac46b870d9",
                "sha256:de611d7b95c1067d9a415979c63503dbdc735b943d08779506886614b410644a",
                "sha256:e0fe698d1e6a852a27a88d2844a1a63839ee764d7cf214fd58cbea480407cc1d",
                "sha256:fa155e309cc2277d6f9d099aecaf3ce78d86a31f5a62a994debc872e4c34ddf4"
            ],
            "index": "pypi",
            "version": "==3.6.0"
        },
        "astor": {
            "hashes": [
                "sha256:0e41295809baf43ae8303350e031aff81ae52189b6f881f36d623fa8b2f1960e",
                "sha256:37a6eed8b371f1228db08234ed7f6cfdc7817a3ed3824797e20cbb11dc2a7862"
            ],
            "version": "==0.8.0"
        },
        "async-timeout": {
            "hashes": [
                "sha256:0c3c816a028d47f659d6ff5c745cb2acf1f966da1fe5c19c77a70282b25f4c5f",
                "sha256:4291ca197d287d274d0b6cb5d6f8f8f82d434ed288f962539ff18cc9012f9ea3"
            ],
            "version": "==3.0.1"
        },
        "attrs": {
            "hashes": [
                "sha256:69c0dbf2ed392de1cb5ec704444b08a5ef81680a61cb899dc08127123af36a79",
                "sha256:f0b870f674851ecbfbbbd364d6b5cbdff9dcedbc7f3f5e18a6891057f21fe399"
            ],
            "version": "==19.1.0"
        },
        "cachetools": {
            "hashes": [
                "sha256:428266a1c0d36dc5aca63a2d7c5942e88c2c898d72139fca0e97fdd2380517ae",
                "sha256:8ea2d3ce97850f31e4a08b0e2b5e6c34997d7216a9d2c98e0f3978630d4da69a"
            ],
            "version": "==3.1.1"
        },
        "certifi": {
            "hashes": [
                "sha256:e4f3620cfea4f83eedc95b24abd9cd56f3c4b146dd0177e83a21b4eb49e21e50",
                "sha256:fd7c7c74727ddcf00e9acd26bba8da604ffec95bf1c2144e67aff7a8b50e6cef"
            ],
            "version": "==2019.9.11"
        },
        "chardet": {
            "hashes": [
                "sha256:84ab92ed1c4d4f16916e05906b6b75a6c0fb5db821cc65e70cbd64a3e2a5eaae",
                "sha256:fc323ffcaeaed0e0a02bf4d117757b98aed530d9ed4531e3e15460124c106691"
            ],
            "version": "==3.0.4"
        },
        "fluent-logger": {
            "hashes": [
                "sha256:afa2f46616eed226be06e49f3c211a65d484f55cdef7333edc063bca22887127",
                "sha256:d953cc20a445812ba79e624d4d8662427cb386eaf7033ab4143e947a30ff3788"
            ],
            "index": "pypi",
            "version": "==0.9.3"
        },
        "gast": {
            "hashes": [
                "sha256:cc987dad3bea3104cd1cc4832c7d864023eb4578043b63ee061c7b42febd4c16"
            ],
            "version": "==0.3.1"
        },
        "google-api-core": {
            "hashes": [
                "sha256:2c23fbc81c76b941ffb71301bb975ed66a610e9b03f918feacd1ed59cf43a6ec",
                "sha256:b2b91107bcc3b981633c89602b46451f6474973089febab3ee51c49cb7ae6a1f"
            ],
            "version": "==1.14.2"
        },
        "google-api-python-client": {
            "hashes": [
                "sha256:3121d55d106ef1a2756e8074239512055bd99eb44da417b3dd680f9a1385adec",
                "sha256:a8a88174f66d92aed7ebbd73744c2c319b4b1ce828e565f9ec721352d2e2fb8c"
            ],
            "index": "pypi",
            "version": "==1.7.11"
        },
        "google-auth": {
            "hashes": [
                "sha256:0f7c6a64927d34c1a474da92cfc59e552a5d3b940d3266606c6a28b72888b9e4",
                "sha256:20705f6803fd2c4d1cc2dcb0df09d4dfcb9a7d51fd59e94a3a28231fd93119ed"
            ],
            "index": "pypi",
            "version": "==1.6.3"
        },
        "google-auth-httplib2": {
            "hashes": [
                "sha256:098fade613c25b4527b2c08fa42d11f3c2037dda8995d86de0745228e965d445",
                "sha256:f1c437842155680cf9918df9bc51c1182fda41feef88c34004bd1978c8157e08"
            ],
            "version": "==0.0.3"
        },
        "google-cloud-core": {
            "hashes": [
                "sha256:0ee17abc74ff02176bee221d4896a00a3c202f3fb07125a7d814ccabd20d7eb5",
                "sha256:10750207c1a9ad6f6e082d91dbff3920443bdaf1c344a782730489a9efa802f1"
            ],
            "version": "==1.0.3"
        },
        "google-cloud-storage": {
            "hashes": [
                "sha256:1e1fce811753bd2570db3d468437d44052274641c7f637c50e1c2df16497b9f7",
                "sha256:21f94c073eb9be34ca545c4eef28ae66947386687d99cd3a82400bf1504cfbd8"
            ],
            "index": "pypi",
            "version": "==1.19.0"
        },
        "google-pasta": {
            "hashes": [
                "sha256:40b4f55ba7b44823eac96d055000572c84ce48cacb3e91c100869844064b2d07",
                "sha256:79d1ce28b381d68e98ef7707d19909adb58912f8dae8734402454424fc76b8fe",
                "sha256:7ca8afc4cfeebf4a079cdf586333d5447cecd19a997475136138fc83c3351bc4"
            ],
            "version": "==0.1.7"
        },
        "google-resumable-media": {
            "hashes": [
                "sha256:46ee131e55d16e350cf9dc7de6fc0653b55314e8645e2deb0633394adcd7e9c0",
                "sha256:d14dff24e0c6cab676f9eff0049c42b8cdae78dff723be095ef3af2c4ba06dfa"
            ],
            "version": "==0.4.0"
        },
        "googleapis-common-protos": {
            "hashes": [
                "sha256:e61b8ed5e36b976b487c6e7b15f31bb10c7a0ca7bd5c0e837f4afab64b53a0c6"
            ],
            "version": "==1.6.0"
        },
        "grpcio": {
            "hashes": [
                "sha256:1303578092f1f6e4bfbc354c04ac422856c393723d3ffa032fff0f7cb5cfd693",
                "sha256:229c6b313cd82bec8f979b059d87f03cc1a48939b543fe170b5a9c5cf6a6bc69",
                "sha256:3cd3d99a8b5568d0d186f9520c16121a0f2a4bcad8e2b9884b76fb88a85a7774",
                "sha256:41cfb222db358227521f9638a6fbc397f310042a4db5539a19dea01547c621cd",
                "sha256:43330501660f636fd6547d1e196e395cd1e2c2ae57d62219d6184a668ffebda0",
                "sha256:45d7a2bd8b4f25a013296683f4140d636cdbb507d94a382ea5029a21e76b1648",
                "sha256:47dc935658a13b25108823dabd010194ddea9610357c5c1ef1ad7b3f5157ebee",
                "sha256:480aa7e2b56238badce0b9413a96d5b4c90c3bfbd79eba5a0501e92328d9669e",
                "sha256:4a0934c8b0f97e1d8c18e76c45afc0d02d33ab03125258179f2ac6c7a13f3626",
                "sha256:5624dab19e950f99e560400c59d87b685809e4cfcb2c724103f1ab14c06071f7",
                "sha256:60515b1405bb3dadc55e6ca99429072dad3e736afcf5048db5452df5572231ff",
                "sha256:610f97ebae742a57d336a69b09a9c7d7de1f62aa54aaa8adc635b38f55ba4382",
                "sha256:64ea189b2b0859d1f7b411a09185028744d494ef09029630200cc892e366f169",
                "sha256:686090c6c1e09e4f49585b8508d0a31d58bc3895e4049ea55b197d1381e9f70f",
                "sha256:7745c365195bb0605e3d47b480a2a4d1baa8a41a5fd0a20de5fa48900e2c886a",
                "sha256:79491e0d2b77a1c438116bf9e5f9e2e04e78b78524615e2ce453eff62db59a09",
                "sha256:825177dd4c601c487836b7d6b4ba268db59787157911c623ba59a7c03c8d3adc",
                "sha256:8a060e1f72fb94eee8a035ed29f1201ce903ad14cbe27bda56b4a22a8abda045",
                "sha256:90168cc6353e2766e47b650c963f21cfff294654b10b3a14c67e26a4e3683634",
                "sha256:94b7742734bceeff6d8db5edb31ac844cb68fc7f13617eca859ff1b78bb20ba1",
                "sha256:962aebf2dd01bbb2cdb64580e61760f1afc470781f9ecd5fe8f3d8dcd8cf4556",
                "sha256:9c8d9eacdce840b72eee7924c752c31b675f8aec74790e08cff184a4ea8aa9c1",
                "sha256:af5b929debc336f6bab9b0da6915f9ee5e41444012aed6a79a3c7e80d7662fdf",
                "sha256:b9cdb87fc77e9a3eabdc42a512368538d648fa0760ad30cf97788076985c790a",
                "sha256:c5e6380b90b389454669dc67d0a39fb4dc166416e01308fcddd694236b8329ef",
                "sha256:d60c90fe2bfbee735397bf75a2f2c4e70c5deab51cd40c6e4fa98fae018c8db6",
                "sha256:d8582c8b1b1063249da1588854251d8a91df1e210a328aeb0ece39da2b2b763b",
                "sha256:ddbf86ba3aa0ad8fed2867910d2913ee237d55920b55f1d619049b3399f04efc",
                "sha256:e46bc0664c5c8a0545857aa7a096289f8db148e7f9cca2d0b760113e8994bddc",
                "sha256:f6437f70ec7fed0ca3a0eef1146591bb754b418bb6c6b21db74f0333d624e135",
                "sha256:f71693c3396530c6b00773b029ea85e59272557e9bd6077195a6593e4229892a",
                "sha256:f79f7455f8fbd43e8e9d61914ecf7f48ba1c8e271801996fef8d6a8f3cc9f39f"
            ],
            "version": "==1.23.0"
        },
        "h5py": {
            "hashes": [
                "sha256:05750b91640273c69989c657eaac34b091abdd75efc8c4824c82aaf898a2da0a",
                "sha256:082a27208aa3a2286e7272e998e7e225b2a7d4b7821bd840aebf96d50977abbb",
                "sha256:08e2e8297195f9e813e894b6c63f79372582787795bba2014a2db6a2de95f713",
                "sha256:0dd2adeb2e9de5081eb8dcec88874e7fd35dae9a21557be3a55a3c7d491842a4",
                "sha256:0f94de7a10562b991967a66bbe6dda9808e18088676834c0a4dcec3fdd3bcc6f",
                "sha256:106e42e2e01e486a3d32eeb9ba0e3a7f65c12fa8998d63625fa41fb8bdc44cdb",
                "sha256:1606c66015f04719c41a9863c156fc0e6b992150de21c067444bcb82e7d75579",
                "sha256:1854c4beff9961e477e133143c5e5e355dac0b3ebf19c52cf7cc1b1ef757703c",
                "sha256:1e9fb6f1746500ea91a00193ce2361803c70c6b13f10aae9a33ad7b5bd28e800",
                "sha256:2cca17e80ddb151894333377675db90cd0279fa454776e0a4f74308376afd050",
                "sha256:30e365e8408759db3778c361f1e4e0fe8e98a875185ae46c795a85e9bafb9cdf",
                "sha256:3206bac900e16eda81687d787086f4ffd4f3854980d798e191a9868a6510c3ae",
                "sha256:3c23d72058647cee19b30452acc7895621e2de0a0bd5b8a1e34204b9ea9ed43c",
                "sha256:407b5f911a83daa285bbf1ef78a9909ee5957f257d3524b8606be37e8643c5f0",
                "sha256:4162953714a9212d373ac953c10e3329f1e830d3c7473f2a2e4f25dd6241eef0",
                "sha256:5fc7aba72a51b2c80605eba1c50dbf84224dcd206279d30a75c154e5652e1fe4",
                "sha256:713ac19307e11de4d9833af0c4bd6778bde0a3d967cafd2f0f347223711c1e31",
                "sha256:71b946d80ef3c3f12db157d7778b1fe74a517ca85e94809358b15580983c2ce2",
                "sha256:8cc4aed71e20d87e0a6f02094d718a95252f11f8ed143bc112d22167f08d4040",
                "sha256:9d41ca62daf36d6b6515ab8765e4c8c4388ee18e2a665701fef2b41563821002",
                "sha256:a744e13b000f234cd5a5b2a1f95816b819027c57f385da54ad2b7da1adace2f3",
                "sha256:b087ee01396c4b34e9dc41e3a6a0442158206d383c19c7d0396d52067b17c1cb",
                "sha256:b0f03af381d33306ce67d18275b61acb4ca111ced645381387a02c8a5ee1b796",
                "sha256:b9e4b8dfd587365bdd719ae178fa1b6c1231f81280b1375eef8626dfd8761bf3",
                "sha256:c5dd4ec75985b99166c045909e10f0534704d102848b1d9f0992720e908928e7",
                "sha256:d2b82f23cd862a9d05108fe99967e9edfa95c136f532a71cb3d28dc252771f50",
                "sha256:e58a25764472af07b7e1c4b10b0179c8ea726446c7141076286e41891bf3a563",
                "sha256:f3b49107fbfc77333fc2b1ef4d5de2abcd57e7ea3a1482455229494cf2da56ce"
            ],
            "index": "pypi",
            "version": "==2.9.0"
        },
        "httplib2": {
            "hashes": [
                "sha256:6901c8c0ffcf721f9ce270ad86da37bc2b4d32b8802d4a9cec38274898a64044",
                "sha256:cf6f9d5876d796539ec922a2c9b9a7cad9bfd90f04badcdc3bcfa537168052c3"
            ],
            "version": "==0.13.1"
        },
        "idna": {
            "hashes": [
                "sha256:c357b3f628cf53ae2c4c05627ecc484553142ca23264e593d327bcde5e9c3407",
                "sha256:ea8b7f6188e6fa117537c3df7da9fc686d485087abf6ac197f9c46432f7e4a3c"
            ],
            "version": "==2.8"
        },
        "joblib": {
            "hashes": [
                "sha256:21e0c34a69ad7fde4f2b1f3402290e9ec46f545f15f1541c582edfe05d87b63a",
                "sha256:315d6b19643ec4afd4c41c671f9f2d65ea9d787da093487a81ead7b0bac94524"
            ],
            "version": "==0.13.2"
        },
        "keras-applications": {
            "hashes": [
                "sha256:5579f9a12bcde9748f4a12233925a59b93b73ae6947409ff34aa2ba258189fe5",
                "sha256:df4323692b8c1174af821bf906f1e442e63fa7589bf0f1230a0b6bdc5a810c95"
            ],
            "version": "==1.0.8"
        },
        "keras-preprocessing": {
            "hashes": [
                "sha256:44aee5f2c4d80c3b29f208359fcb336df80f293a0bb6b1c738da43ca206656fb",
                "sha256:5a8debe01d840de93d49e05ccf1c9b81ae30e210d34dacbcc47aeb3049b528e5"
            ],
            "version": "==1.1.0"
        },
        "markdown": {
            "hashes": [
                "sha256:2e50876bcdd74517e7b71f3e7a76102050edec255b3983403f1a63e7c8a41e7a",
                "sha256:56a46ac655704b91e5b7e6326ce43d5ef72411376588afa1dd90e881b83c7e8c"
            ],
            "version": "==3.1.1"
        },
        "msgpack": {
            "hashes": [
                "sha256:26cb40116111c232bc235ce131cc3b4e76549088cb154e66a2eb8ff6fcc907ec",
                "sha256:300fd3f2c664a3bf473d6a952f843b4a71454f4c592ed7e74a36b205c1782d28",
                "sha256:3129c355342853007de4a2a86e75eab966119733eb15748819b6554363d4e85c",
                "sha256:31f6d645ee5a97d59d3263fab9e6be76f69fa131cddc0d94091a3c8aca30d67a",
                "sha256:3ce7ef7ee2546c3903ca8c934d09250531b80c6127e6478781ae31ed835aac4c",
                "sha256:4008c72f5ef2b7936447dcb83db41d97e9791c83221be13d5e19db0796df1972",
                "sha256:62bd8e43d204580308d477a157b78d3fee2fb4c15d32578108dc5d89866036c8",
                "sha256:70cebfe08fb32f83051971264466eadf183101e335d8107b80002e632f425511",
                "sha256:72cb7cf85e9df5251abd7b61a1af1fb77add15f40fa7328e924a9c0b6bc7a533",
                "sha256:7c55649965c35eb32c499d17dadfb8f53358b961582846e1bc06f66b9bccc556",
                "sha256:86b963a5de11336ec26bc4f839327673c9796b398b9f1fe6bb6150c2a5d00f0f",
                "sha256:8c73c9bcdfb526247c5e4f4f6cf581b9bb86b388df82cfcaffde0a6e7bf3b43a",
                "sha256:8e68c76c6aff4849089962d25346d6784d38e02baa23ffa513cf46be72e3a540",
                "sha256:97ac6b867a8f63debc64f44efdc695109d541ecc361ee2dce2c8884ab37360a1",
                "sha256:9d4f546af72aa001241d74a79caec278bcc007b4bcde4099994732e98012c858",
                "sha256:a28e69fe5468c9f5251c7e4e7232286d71b7dfadc74f312006ebe984433e9746",
                "sha256:fd509d4aa95404ce8d86b4e32ce66d5d706fd6646c205e1c2a715d87078683a2"
            ],
            "version": "==0.6.1"
        },
        "multidict": {
            "hashes": [
                "sha256:024b8129695a952ebd93373e45b5d341dbb87c17ce49637b34000093f243dd4f",
                "sha256:041e9442b11409be5e4fc8b6a97e4bcead758ab1e11768d1e69160bdde18acc3",
                "sha256:045b4dd0e5f6121e6f314d81759abd2c257db4634260abcfe0d3f7083c4908ef",
                "sha256:047c0a04e382ef8bd74b0de01407e8d8632d7d1b4db6f2561106af812a68741b",
                "sha256:068167c2d7bbeebd359665ac4fff756be5ffac9cda02375b5c5a7c4777038e73",
                "sha256:148ff60e0fffa2f5fad2eb25aae7bef23d8f3b8bdaf947a65cdbe84a978092bc",
                "sha256:1d1c77013a259971a72ddaa83b9f42c80a93ff12df6a4723be99d858fa30bee3",
                "sha256:1d48bc124a6b7a55006d97917f695effa9725d05abe8ee78fd60d6588b8344cd",
                "sha256:31dfa2fc323097f8ad7acd41aa38d7c614dd1960ac6681745b6da124093dc351",
                "sha256:34f82db7f80c49f38b032c5abb605c458bac997a6c3142e0d6c130be6fb2b941",
                "sha256:3d5dd8e5998fb4ace04789d1d008e2bb532de501218519d70bb672c4c5a2fc5d",
                "sha256:4a6ae52bd3ee41ee0f3acf4c60ceb3f44e0e3bc52ab7da1c2b2aa6703363a3d1",
                "sha256:4b02a3b2a2f01d0490dd39321c74273fed0568568ea0e7ea23e02bd1fb10a10b",
                "sha256:4b843f8e1dd6a3195679d9838eb4670222e8b8d01bc36c9894d6c3538316fa0a",
                "sha256:5de53a28f40ef3c4fd57aeab6b590c2c663de87a5af76136ced519923d3efbb3",
                "sha256:61b2b33ede821b94fa99ce0b09c9ece049c7067a33b279f343adfe35108a4ea7",
                "sha256:6a3a9b0f45fd75dc05d8e93dc21b18fc1670135ec9544d1ad4acbcf6b86781d0",
                "sha256:76ad8e4c69dadbb31bad17c16baee61c0d1a4a73bed2590b741b2e1a46d3edd0",
                "sha256:7ba19b777dc00194d1b473180d4ca89a054dd18de27d0ee2e42a103ec9b7d014",
                "sha256:7c1b7eab7a49aa96f3db1f716f0113a8a2e93c7375dd3d5d21c4941f1405c9c5",
                "sha256:7fc0eee3046041387cbace9314926aa48b681202f8897f8bff3809967a049036",
                "sha256:8ccd1c5fff1aa1427100ce188557fc31f1e0a383ad8ec42c559aabd4ff08802d",
                "sha256:8e08dd76de80539d613654915a2f5196dbccc67448df291e69a88712ea21e24a",
                "sha256:c18498c50c59263841862ea0501da9f2b3659c00db54abfbf823a80787fde8ce",
                "sha256:c49db89d602c24928e68c0d510f4fcf8989d77defd01c973d6cbe27e684833b1",
                "sha256:ce20044d0317649ddbb4e54dab3c1bcc7483c78c27d3f58ab3d0c7e6bc60d26a",
                "sha256:d1071414dd06ca2eafa90c85a079169bfeb0e5f57fd0b45d44c092546fcd6fd9",
                "sha256:d3be11ac43ab1a3e979dac80843b42226d5d3cccd3986f2e03152720a4297cd7",
                "sha256:db603a1c235d110c860d5f39988ebc8218ee028f07a7cbc056ba6424372ca31b"
            ],
            "version": "==4.5.2"
        },
        "numpy": {
            "hashes": [
                "sha256:0778076e764e146d3078b17c24c4d89e0ecd4ac5401beff8e1c87879043a0633",
                "sha256:141c7102f20abe6cf0d54c4ced8d565b86df4d3077ba2343b61a6db996cefec7",
                "sha256:14270a1ee8917d11e7753fb54fc7ffd1934f4d529235beec0b275e2ccf00333b",
                "sha256:27e11c7a8ec9d5838bc59f809bfa86efc8a4fd02e58960fa9c49d998e14332d5",
                "sha256:2a04dda79606f3d2f760384c38ccd3d5b9bb79d4c8126b67aff5eb09a253763e",
                "sha256:3c26010c1b51e1224a3ca6b8df807de6e95128b0908c7e34f190e7775455b0ca",
                "sha256:52c40f1a4262c896420c6ea1c6fda62cf67070e3947e3307f5562bd783a90336",
                "sha256:6e4f8d9e8aa79321657079b9ac03f3cf3fd067bf31c1cca4f56d49543f4356a5",
                "sha256:7242be12a58fec245ee9734e625964b97cf7e3f2f7d016603f9e56660ce479c7",
                "sha256:7dc253b542bfd4b4eb88d9dbae4ca079e7bf2e2afd819ee18891a43db66c60c7",
                "sha256:94f5bd885f67bbb25c82d80184abbf7ce4f6c3c3a41fbaa4182f034bba803e69",
                "sha256:a89e188daa119ffa0d03ce5123dee3f8ffd5115c896c2a9d4f0dbb3d8b95bfa3",
                "sha256:ad3399da9b0ca36e2f24de72f67ab2854a62e623274607e37e0ce5f5d5fa9166",
                "sha256:b0348be89275fd1d4c44ffa39530c41a21062f52299b1e3ee7d1c61f060044b8",
                "sha256:b5554368e4ede1856121b0dfa35ce71768102e4aa55e526cb8de7f374ff78722",
                "sha256:cbddc56b2502d3f87fda4f98d948eb5b11f36ff3902e17cb6cc44727f2200525",
                "sha256:d79f18f41751725c56eceab2a886f021d70fd70a6188fd386e29a045945ffc10",
                "sha256:dc2ca26a19ab32dc475dbad9dfe723d3a64c835f4c23f625c2b6566ca32b9f29",
                "sha256:dd9bcd4f294eb0633bb33d1a74febdd2b9018b8b8ed325f861fffcd2c7660bb8",
                "sha256:e8baab1bc7c9152715844f1faca6744f2416929de10d7639ed49555a85549f52",
                "sha256:ec31fe12668af687b99acf1567399632a7c47b0e17cfb9ae47c098644ef36797",
                "sha256:f12b4f7e2d8f9da3141564e6737d79016fe5336cc92de6814eba579744f65b0a",
                "sha256:f58ac38d5ca045a377b3b377c84df8175ab992c970a53332fa8ac2373df44ff7"
            ],
            "index": "pypi",
            "version": "==1.16.4"
        },
        "opencv-python": {
            "hashes": [
                "sha256:01505b131dc35f60e99a5da98b77156e37f872ae0ff5596e5e68d526bb572d3c",
                "sha256:0478a1037505ddde312806c960a5e8958d2cf7a2885e8f2f5dde74c4028e0b04",
                "sha256:17810b89f9ef8e8537e75332acf533e619e26ccadbf1b73f24bf338f2d327ddd",
                "sha256:19ad2ea9fb32946761b47b9d6eed51876a8329da127f27788263fecd66651ba0",
                "sha256:1a250edb739baf3e7c25d99a2ee252aac4f59a97e0bee39237eaa490fd0281d3",
                "sha256:3505468970448f66cd776cb9e179570c87988f94b5cf9bcbc4c2d88bd88bbdf1",
                "sha256:4e04a91da157885359f487534433340b2d709927559c80acf62c28167e59be02",
                "sha256:5a49cffcdec5e37217672579c3343565926d999642844efa9c6a031ed5f32318",
                "sha256:604b2ce3d4a86480ced0813da7fba269b4605ad9fea26cd2144d8077928d4b49",
                "sha256:61cbb8fa9565a0480c46028599431ad8f19181a7fac8070a700515fd54cd7377",
                "sha256:62d7c6e511c9454f099616315c695d02a584048e1affe034b39160db7a2ae34d",
                "sha256:6555272dd9efd412d17cdc1a4f4c2da5753c099d95d9ff01aca54bb9782fb5cf",
                "sha256:67d994c6b2b14cb9239e85dc7dfa6c08ef7cf6eb4def80c0af6141dfacc8cbb9",
                "sha256:68c9cbe538666c4667523821cc56caee49389bea06bae4c0fc2cd68bd264226a",
                "sha256:822ad8f628a9498f569c57d30865f5ef9ee17824cee0a1d456211f742028c135",
                "sha256:82d972429eb4fee22c1dc4204af2a2e981f010e5e4f66daea2a6c68381b79184",
                "sha256:9128924f5b58269ee221b8cf2d736f31bd3bb0391b92ee8504caadd68c8176a2",
                "sha256:9172cf8270572c494d8b2ae12ef87c0f6eed9d132927e614099f76843b0c91d7",
                "sha256:952bce4d30a8287b17721ddaad7f115dab268efee8576249ddfede80ec2ce404",
                "sha256:a8147718e70b1f170a3d26518e992160137365a4db0ed82a9efd3040f9f660d4",
                "sha256:bfdb636a3796ff223460ea0fcfda906b3b54f4bef22ae433a5b67e66fab00b25",
                "sha256:c9c3f27867153634e1083390920067008ebaaab78aeb09c4e0274e69746cb2c8",
                "sha256:d69be21973d450a4662ae6bd1b3df6b1af030e448d7276380b0d1adf7c8c2ae6",
                "sha256:db1479636812a6579a3753b72a6fefaa73190f32bf7b19e483f8bc750cebe1a5",
                "sha256:db8313d755962a7dd61e5c22a651e0743208adfdb255c6ec8904ce9cb02940c6",
                "sha256:e4625a6b032e7797958aeb630d6e3e91e3896d285020aae612e6d7b342d6dfea",
                "sha256:e8397a26966a1290836a52c34b362aabc65a422b9ffabcbbdec1862f023ccab8"
            ],
            "index": "pypi",
            "version": "==4.1.1.26"
        },
        "pandas": {
            "hashes": [
                "sha256:02d34a55e85819a7eab096f391f8dcc237876e8b3cdaf1fba964f5fb59af9acf",
                "sha256:0dbcf78e68f619840184ce661c68c1760de403b0f69d81905d6b9a699d1861d6",
                "sha256:174c3974da26fd778ac8537d74efb17d4cef59e6b3e81e3c59690f39a6f6b73d",
                "sha256:3a8ab5c350131ba273d3f8eb430343304d6c2138a61d34e4a11ebd75f8bf3e7e",
                "sha256:560074ce9ff95409b233c0a8d143a2546a2d71d636d583172252dc0021fdb11b",
                "sha256:5bded8cb431705609dbd9048114f1d6d59bef2f1ca95a8c58bd649442c9dc16c",
                "sha256:8a8748684787792f3a643a7e0530c3024301f3e5799a199a5c2c526c07f712ba",
                "sha256:8c7e43c4b7920fc02ce7743b976aca15bd45293ed298d84793307bc9799df3f6",
                "sha256:9bd9ef3e183b7b1ce90b7ab5e8672907cd73dc36f036fc6714f0e7a5f9852da0",
                "sha256:d3f27e276c8557c15c19c5c9a414e77b893d39fce6e6e40e5c46fcf5eeffe028",
                "sha256:d40b82a4aee4ca968348e41bf6588ed9cadd171c7da8b671ed31d3fd967de703",
                "sha256:d8cf054a099ff694a0e75386471bdde098efe7c350548ec6b899f169bef1a859",
                "sha256:dd9f4843aa59f09698679b64064f11f51d60e45358ab45299de4dcff90524be3",
                "sha256:e6f9f5ad4e73f5eecaa66e9c9d30ff8661c400190a6079ee170e37a466457e31",
                "sha256:e9989e17f203900b2c7add53fa17d6686e66282598359b43fb12260ae8bf7eba",
                "sha256:eadc9d19b25420e1ae77f0a11b779d4e71f47c3aa1953c218e8fe812d1f5341e",
                "sha256:ecb630a99b0ab6c178b5c2988ca8c5b98f6ec2fd9e172c2873a5df44b261310f",
                "sha256:f8eb9308bd64abf71dda77b823913696cd85c4f36c026acee0a64d8834a09b43",
                "sha256:fe71a037ce866d9fb717fd3a792d46c744433179bf3f25da48af8f46cee20c3e",
                "sha256:ff0d83306bfda4639fac2a4f8df2c51eb2bbdda540a74490703e8a6b413a37eb"
            ],
            "index": "pypi",
            "version": "==0.24.0"
        },
        "protobuf": {
            "hashes": [
                "sha256:00a1b0b352dc7c809749526d1688a64b62ea400c5b05416f93cfb1b11a036295",
                "sha256:01acbca2d2c8c3f7f235f1842440adbe01bbc379fa1cbdd80753801432b3fae9",
                "sha256:0a795bca65987b62d6b8a2d934aa317fd1a4d06a6dd4df36312f5b0ade44a8d9",
                "sha256:0ec035114213b6d6e7713987a759d762dd94e9f82284515b3b7331f34bfaec7f",
                "sha256:31b18e1434b4907cb0113e7a372cd4d92c047ce7ba0fa7ea66a404d6388ed2c1",
                "sha256:32a3abf79b0bef073c70656e86d5bd68a28a1fbb138429912c4fc07b9d426b07",
                "sha256:55f85b7808766e5e3f526818f5e2aeb5ba2edcc45bcccede46a3ccc19b569cb0",
                "sha256:64ab9bc971989cbdd648c102a96253fdf0202b0c38f15bd34759a8707bdd5f64",
                "sha256:64cf847e843a465b6c1ba90fb6c7f7844d54dbe9eb731e86a60981d03f5b2e6e",
                "sha256:917c8662b585470e8fd42f052661fc66d59fccaae450a60044307dcbf82a3335",
                "sha256:afed9003d7f2be2c3df20f64220c30faec441073731511728a2cb4cab4cd46a6",
                "sha256:bf8e05d638b585d1752c5a84247134a0350d3a8b73d3632489a014a9f6f1e758",
                "sha256:d831b047bd69becaf64019a47179eb22118a50dd008340655266a906c69c6417",
                "sha256:de2760583ed28749ff885789c1cbc6c9c06d6de92fc825740ab99deb2f25ea4d",
                "sha256:eabc4cf1bc19689af8022ba52fd668564a8d96e0d08f3b4732d26a64255216a4",
                "sha256:fcff6086c86fb1628d94ea455c7b9de898afc50378042927a59df8065a79a549"
            ],
            "version": "==3.9.1"
        },
        "pyasn1": {
            "hashes": [
                "sha256:62cdade8b5530f0b185e09855dd422bc05c0bbff6b72ff61381c09dac7befd8c",
                "sha256:a9495356ca1d66ed197a0f72b41eb1823cf7ea8b5bd07191673e8147aecf8604"
            ],
            "version": "==0.4.7"
        },
        "pyasn1-modules": {
            "hashes": [
                "sha256:43c17a83c155229839cc5c6b868e8d0c6041dba149789b6d6e28801c64821722",
                "sha256:e30199a9d221f1b26c885ff3d87fd08694dbbe18ed0e8e405a2a7126d30ce4c0"
            ],
            "version": "==0.2.6"
        },
        "python-dateutil": {
            "hashes": [
                "sha256:7e6584c74aeed623791615e26efd690f29817a27c73085b78e4bad02493df2fb",
                "sha256:c89805f6f4d64db21ed966fda138f8a5ed7a4fdbc1a8ee329ce1b74e3c74da9e"
            ],
            "version": "==2.8.0"
        },
        "python-multipart": {
            "hashes": [
                "sha256:f7bb5f611fc600d15fa47b3974c8aa16e93724513b49b5f95c81e6624c83fa43"
            ],
            "index": "pypi",
            "version": "==0.0.5"
        },
        "pytz": {
            "hashes": [
                "sha256:26c0b32e437e54a18161324a2fca3c4b9846b74a8dccddd843113109e1116b32",
                "sha256:c894d57500a4cd2d5c71114aaab77dbab5eabd9022308ce5ac9bb93a60a6f0c7"
            ],
            "version": "==2019.2"
        },
        "requests": {
            "hashes": [
                "sha256:11e007a8a2aa0323f5a921e9e6a2d7e4e67d9877e85773fba9ba6419025cbeb4",
                "sha256:9cf5292fcd0f598c671cfc1e0d7d1a7f13bb8085e9a590f48c010551dc6c4b31"
            ],
            "index": "pypi",
            "version": "==2.22.0"
        },
        "rsa": {
            "hashes": [
                "sha256:14ba45700ff1ec9eeb206a2ce76b32814958a98e372006c8fb76ba820211be66",
                "sha256:1a836406405730121ae9823e19c6e806c62bbad73f890574fff50efa4122c487"
            ],
            "version": "==4.0"
        },
        "scikit-learn": {
            "hashes": [
                "sha256:1ac81293d261747c25ea5a0ee8cd2bb1f3b5ba9ec05421a7f9f0feb4eb7c4116",
                "sha256:289361cf003d90b007f5066b27fcddc2d71324c82f1c88e316fedacb0dfdd516",
                "sha256:3a14d0abd4281fc3fd2149c486c3ec7cedad848b8d5f7b6f61522029d65a29f8",
                "sha256:5083a5e50d9d54548e4ada829598ae63a05651dd2bb319f821ffd9e8388384a6",
                "sha256:777cdd5c077b7ca9cb381396c81990cf41d2fa8350760d3cad3b4c460a7db644",
                "sha256:8bf2ff63da820d09b96b18e88f9625228457bff8df4618f6b087e12442ef9e15",
                "sha256:8d319b71c449627d178f21c57614e21747e54bb3fc9602b6f42906c3931aa320",
                "sha256:928050b65781fea9542dfe9bfe02d8c4f5530baa8472ec60782ea77347d2c836",
                "sha256:92c903613ff50e22aa95d589f9fff5deb6f34e79f7f21f609680087f137bb524",
                "sha256:ae322235def5ce8fae645b439e332e6f25d34bb90d6a6c8e261f17eb476457b7",
                "sha256:c1cd6b29eb1fd1cc672ac5e4a8be5f6ea936d094a3dc659ada0746d6fac750b1",
                "sha256:c41a6e2685d06bcdb0d26533af2540f54884d40db7e48baed6a5bcbf1a7cc642",
                "sha256:d07fcb0c0acbc043faa0e7cf4d2037f71193de3fb04fb8ed5c259b089af1cf5c",
                "sha256:d146d5443cda0a41f74276e42faf8c7f283fef49e8a853b832885239ef544e05",
                "sha256:eb2b7bed0a26ba5ce3700e15938b28a4f4513578d3e54a2156c29df19ac5fd01",
                "sha256:eb9b8ebf59eddd8b96366428238ab27d05a19e89c5516ce294abc35cea75d003"
            ],
            "index": "pypi",
            "version": "==0.21.3"
        },
        "scipy": {
            "hashes": [
                "sha256:0baa64bf42592032f6f6445a07144e355ca876b177f47ad8d0612901c9375bef",
                "sha256:243b04730d7223d2b844bda9500310eecc9eda0cba9ceaf0cde1839f8287dfa8",
                "sha256:2643cfb46d97b7797d1dbdb6f3c23fe3402904e3c90e6facfe6a9b98d808c1b5",
                "sha256:396eb4cdad421f846a1498299474f0a3752921229388f91f60dc3eda55a00488",
                "sha256:3ae3692616975d3c10aca6d574d6b4ff95568768d4525f76222fb60f142075b9",
                "sha256:435d19f80b4dcf67dc090cc04fde2c5c8a70b3372e64f6a9c58c5b806abfa5a8",
                "sha256:46a5e55850cfe02332998b3aef481d33f1efee1960fe6cfee0202c7dd6fc21ab",
                "sha256:75b513c462e58eeca82b22fc00f0d1875a37b12913eee9d979233349fce5c8b2",
                "sha256:7ccfa44a08226825126c4ef0027aa46a38c928a10f0a8a8483c80dd9f9a0ad44",
                "sha256:89dd6a6d329e3f693d1204d5562dd63af0fd7a17854ced17f9cbc37d5b853c8d",
                "sha256:a81da2fe32f4eab8b60d56ad43e44d93d392da228a77e229e59b51508a00299c",
                "sha256:a9d606d11eb2eec7ef893eb825017fbb6eef1e1d0b98a5b7fc11446ebeb2b9b1",
                "sha256:ac37eb652248e2d7cbbfd89619dce5ecfd27d657e714ed049d82f19b162e8d45",
                "sha256:cbc0611699e420774e945f6a4e2830f7ca2b3ee3483fca1aa659100049487dd5",
                "sha256:d02d813ec9958ed63b390ded463163685af6025cb2e9a226ec2c477df90c6957",
                "sha256:dd3b52e00f93fd1c86f2d78243dfb0d02743c94dd1d34ffea10055438e63b99d"
            ],
            "version": "==1.3.1"
        },
        "selenium": {
            "hashes": [
                "sha256:2d7131d7bc5a5b99a2d9b04aaf2612c411b03b8ca1b1ee8d3de5845a9be2cb3c",
                "sha256:deaf32b60ad91a4611b98d8002757f29e6f2c2d5fcaf202e1c9ad06d6772300d"
            ],
            "index": "pypi",
            "version": "==3.141.0"
        },
        "six": {
            "hashes": [
                "sha256:3350809f0555b11f552448330d0b52d5f24c91a322ea4a15ef22629740f3761c",
                "sha256:d16a0141ec1a18405cd4ce8b4613101da75da0e9a7aec5bdd4fa804d0e0eba73"
            ],
            "version": "==1.12.0"
        },
        "tensorboard": {
            "hashes": [
                "sha256:50e0b1bdcd488dbe39fd9416976e089b2ff4df18d9f1fab47abf4c498209c3fc",
                "sha256:c35ba681a52d4922be6b225623cf77285033e7e4e68bac5c1d5490e47d129bb2"
            ],
            "version": "==1.14.0"
        },
        "tensorflow": {
            "hashes": [
                "sha256:0a3784c6ab223b85a87ba6b752d2e6dc97b9345c078172d9b0bb90f3e448a320",
                "sha256:0a95ab659de39748c418f342fd09bc444a21a7d66f4501593cf7ff6de3c603b1",
                "sha256:2fc989a5d3be9f3dc96c20deaa3d5cc66d2bf76fe069c202c2914a7f4b5a9a35",
                "sha256:4008a56940d23345e52ac4885fb4782604eb02574c2d95f3946f5b6baf0e1276",
                "sha256:4643fcb6aa7bf9261620efe332f821ccdb63422ed5df33479e3c9592659cd64e",
                "sha256:46fc216db780b1a7b7a28cf6536d6ec0a171ef2fa546a24934ffe077c734c891",
                "sha256:5a9555eee142324a1cc3d6a5a9c0c8154ded8d013bf18cb459bc375e5d365191",
                "sha256:5ce034dba1db7cd829af2bf092c48dce96bb3da3e89223d7cb50f3eac2ddc19f",
                "sha256:7dfefd6fc79fed477c2c550cb79f766fb40533e907e4efbfabc81339b45551a4",
                "sha256:a3851118d2cc5e9e697503753c2d247dca0e98d5a85b5ea091103f27d9e57a38",
                "sha256:a4f154fa98cde5974117e05af444e0bed84cf431b8129c78a2de03a1ff7201c9",
                "sha256:c77888375ef02a5e7e55f81572db1bfa41e6f6597ae297e7bdafb22bf633f79e",
                "sha256:d982a6fef251ec1358129213385ec027f87ee72246dffe1136ca6109def209f7",
                "sha256:e20b5d81b07798db5054802405758fb685367772f1d602d359ba60baa34b6b46",
                "sha256:e84f2c8c7f23ad546076b1e73cec85706da19910b9a89c29cba3b64e297b2eb0"
            ],
            "index": "pypi",
            "version": "==1.14"
        },
        "tensorflow-estimator": {
            "hashes": [
                "sha256:ca073f66063407a091d610ec1b22e39ea30248710198cc6f13769320bdbe3992"
            ],
            "version": "==1.14.0"
        },
        "termcolor": {
            "hashes": [
                "sha256:1d6d69ce66211143803fbc56652b41d73b4a400a2891d7bf7a1cdf4c02de613b"
            ],
            "version": "==1.1.0"
        },
        "ujson": {
            "hashes": [
                "sha256:f66073e5506e91d204ab0c614a148d5aa938bdbf104751be66f8ad7a222f5f86"
            ],
            "index": "pypi",
            "version": "==1.35"
        },
        "uritemplate": {
            "hashes": [
                "sha256:01c69f4fe8ed503b2951bef85d996a9d22434d2431584b5b107b2981ff416fbd",
                "sha256:1b9c467a940ce9fb9f50df819e8ddd14696f89b9a8cc87ac77952ba416e0a8fd",
                "sha256:c02643cebe23fc8adb5e6becffe201185bf06c40bda5c0b4028a93f1527d011d"
            ],
            "version": "==3.0.0"
        },
        "urllib3": {
            "hashes": [
                "sha256:b246607a25ac80bedac05c6f282e3cdaf3afb65420fd024ac94435cabe6e18d1",
                "sha256:dbe59173209418ae49d485b87d1681aefa36252ee85884c31346debd19463232"
            ],
            "version": "==1.25.3"
        },
        "werkzeug": {
            "hashes": [
                "sha256:00d32beac38fcd48d329566f80d39f10ec2ed994efbecfb8dd4b320062d05902",
                "sha256:0a24d43be6a7dce81bae05292356176d6c46d63e42a0dd3f9504b210a9cfaa43"
            ],
            "version": "==0.15.6"
        },
        "wheel": {
            "hashes": [
                "sha256:10c9da68765315ed98850f8e048347c3eb06dd81822dc2ab1d4fde9dc9702646",
                "sha256:f4da1763d3becf2e2cd92a14a7c920f0f00eca30fdde9ea992c836685b9faf28"
            ],
            "markers": "python_version >= '3'",
            "version": "==0.33.6"
        },
        "wrapt": {
            "hashes": [
                "sha256:565a021fd19419476b9362b05eeaa094178de64f8361e44468f9e9d7843901e1"
            ],
            "version": "==1.11.2"
        },
        "yarl": {
            "hashes": [
                "sha256:024ecdc12bc02b321bc66b41327f930d1c2c543fa9a561b39861da9388ba7aa9",
                "sha256:2f3010703295fbe1aec51023740871e64bb9664c789cba5a6bdf404e93f7568f",
                "sha256:3890ab952d508523ef4881457c4099056546593fa05e93da84c7250516e632eb",
                "sha256:3e2724eb9af5dc41648e5bb304fcf4891adc33258c6e14e2a7414ea32541e320",
                "sha256:5badb97dd0abf26623a9982cd448ff12cb39b8e4c94032ccdedf22ce01a64842",
                "sha256:73f447d11b530d860ca1e6b582f947688286ad16ca42256413083d13f260b7a0",
                "sha256:7ab825726f2940c16d92aaec7d204cfc34ac26c0040da727cf8ba87255a33829",
                "sha256:b25de84a8c20540531526dfbb0e2d2b648c13fd5dd126728c496d7c3fea33310",
                "sha256:c6e341f5a6562af74ba55205dbd56d248daf1b5748ec48a0200ba227bb9e33f4",
                "sha256:c9bb7c249c4432cd47e75af3864bc02d26c9594f49c82e2a28624417f0ae63b8",
                "sha256:e060906c0c585565c718d1c3841747b61c5439af2211e185f6739a9412dfbde1"
            ],
            "version": "==1.3.0"
        }
    },
    "develop": {
        "atomicwrites": {
            "hashes": [
                "sha256:03472c30eb2c5d1ba9227e4c2ca66ab8287fbfbbda3888aa93dc2e28fc6811b4",
                "sha256:75a9445bac02d8d058d5e1fe689654ba5a6556a1dfd8ce6ec55a0ed79866cfa6"
            ],
            "version": "==1.3.0"
        },
        "attrs": {
            "hashes": [
                "sha256:69c0dbf2ed392de1cb5ec704444b08a5ef81680a61cb899dc08127123af36a79",
                "sha256:f0b870f674851ecbfbbbd364d6b5cbdff9dcedbc7f3f5e18a6891057f21fe399"
            ],
            "version": "==19.1.0"
        },
        "importlib-metadata": {
            "hashes": [
                "sha256:652234b6ab8f2506ae58e528b6fbcc668831d3cc758e1bc01ef438d328b68cdb",
                "sha256:6f264986fb88042bc1f0535fa9a557e6a376cfe5679dc77caac7fe8b5d43d05f"
            ],
            "markers": "python_version < '3.8'",
            "version": "==0.22"
        },
        "mccabe": {
            "hashes": [
                "sha256:ab8a6258860da4b6677da4bd2fe5dc2c659cff31b3ee4f7f5d64e79735b80d42",
                "sha256:dd8d182285a0fe56bace7f45b5e7d1a6ebcbf524e8f3bd87eb0f125271b8831f"
            ],
            "version": "==0.6.1"
        },
        "more-itertools": {
            "hashes": [
                "sha256:409cd48d4db7052af495b09dec721011634af3753ae1ef92d2b32f73a745f832",
                "sha256:92b8c4b06dac4f0611c0729b2f2ede52b2e1bac1ab48f089c7ddc12e26bb60c4"
            ],
            "version": "==7.2.0"
        },
        "mypy": {
            "hashes": [
                "sha256:0107bff4f46a289f0e4081d59b77cef1c48ea43da5a0dbf0005d54748b26df2a",
                "sha256:07957f5471b3bb768c61f08690c96d8a09be0912185a27a68700f3ede99184e4",
                "sha256:10af62f87b6921eac50271e667cc234162a194e742d8e02fc4ddc121e129a5b0",
                "sha256:11fd60d2f69f0cefbe53ce551acf5b1cec1a89e7ce2d47b4e95a84eefb2899ae",
                "sha256:15e43d3b1546813669bd1a6ec7e6a11d2888db938e0607f7b5eef6b976671339",
                "sha256:352c24ba054a89bb9a35dd064ee95ab9b12903b56c72a8d3863d882e2632dc76",
                "sha256:437020a39417e85e22ea8edcb709612903a9924209e10b3ec6d8c9f05b79f498",
                "sha256:49925f9da7cee47eebf3420d7c0e00ec662ec6abb2780eb0a16260a7ba25f9c4",
                "sha256:6724fcd5777aa6cebfa7e644c526888c9d639bd22edd26b2a8038c674a7c34bd",
                "sha256:7a17613f7ea374ab64f39f03257f22b5755335b73251d0d253687a69029701ba",
                "sha256:cdc1151ced496ca1496272da7fc356580e95f2682be1d32377c22ddebdf73c91"
            ],
            "index": "pypi",
            "version": "==0.720"
        },
        "mypy-extensions": {
            "hashes": [
                "sha256:37e0e956f41369209a3d5f34580150bcacfabaa57b33a15c0b25f4b5725e0812",
                "sha256:b16cabe759f55e3409a7d231ebd2841378fb0c27a5d1994719e340e4f429ac3e"
            ],
            "version": "==0.4.1"
        },
        "packaging": {
            "hashes": [
                "sha256:a7ac867b97fdc07ee80a8058fe4435ccd274ecc3b0ed61d852d7d53055528cf9",
                "sha256:c491ca87294da7cc01902edbe30a5bc6c4c28172b5138ab4e4aa1b9d7bfaeafe"
            ],
            "version": "==19.1"
        },
        "pluggy": {
            "hashes": [
                "sha256:0db4b7601aae1d35b4a033282da476845aa19185c1e6964b25cf324b5e4ec3e6",
                "sha256:fa5fa1622fa6dd5c030e9cad086fa19ef6a0cf6d7a2d12318e10cb49d6d68f34"
            ],
            "version": "==0.13.0"
        },
        "py": {
            "hashes": [
                "sha256:64f65755aee5b381cea27766a3a147c3f15b9b6b9ac88676de66ba2ae36793fa",
                "sha256:dc639b046a6e2cff5bbe40194ad65936d6ba360b52b3c3fe1d08a82dd50b5e53"
            ],
            "version": "==1.8.0"
        },
        "pycodestyle": {
            "hashes": [
                "sha256:95a2219d12372f05704562a14ec30bc76b05a5b297b21a5dfe3f6fac3491ae56",
                "sha256:e40a936c9a450ad81df37f549d676d127b1b66000a6c500caa2b085bc0ca976c"
            ],
            "version": "==2.5.0"
        },
        "pydocstyle": {
            "hashes": [
                "sha256:04c84e034ebb56eb6396c820442b8c4499ac5eb94a3bda88951ac3dc519b6058",
                "sha256:66aff87ffe34b1e49bff2dd03a88ce6843be2f3346b0c9814410d34987fbab59"
            ],
            "version": "==4.0.1"
        },
        "pyflakes": {
            "hashes": [
                "sha256:17dbeb2e3f4d772725c777fabc446d5634d1038f234e77343108ce445ea69ce0",
                "sha256:d976835886f8c5b31d47970ed689944a0262b5f3afa00a5a7b4dc81e5449f8a2"
            ],
            "version": "==2.1.1"
        },
        "pylama": {
            "hashes": [
                "sha256:9bae53ef9c1a431371d6a8dca406816a60d547147b60a4934721898f553b7d8f",
                "sha256:fd61c11872d6256b019ef1235be37b77c922ef37ac9797df6bd489996dddeb15"
            ],
            "index": "pypi",
            "version": "==7.7.1"
        },
        "pyparsing": {
            "hashes": [
                "sha256:6f98a7b9397e206d78cc01df10131398f1c8b8510a2f4d97d9abd82e1aacdd80",
                "sha256:d9338df12903bbf5d65a0e4e87c2161968b10d2e489652bb47001d82a9b028b4"
            ],
            "version": "==2.4.2"
        },
        "pytest": {
            "hashes": [
                "sha256:95d13143cc14174ca1a01ec68e84d76ba5d9d493ac02716fd9706c949a505210",
                "sha256:b78fe2881323bd44fd9bd76e5317173d4316577e7b1cddebae9136a4495ec865"
            ],
            "index": "pypi",
            "version": "==5.1.2"
        },
        "pytest-asyncio": {
            "hashes": [
                "sha256:9fac5100fd716cbecf6ef89233e8590a4ad61d729d1732e0a96b84182df1daaf",
                "sha256:d734718e25cfc32d2bf78d346e99d33724deeba774cc4afdf491530c6184b63b"
            ],
            "index": "pypi",
            "version": "==0.10.0"
        },
        "six": {
            "hashes": [
                "sha256:3350809f0555b11f552448330d0b52d5f24c91a322ea4a15ef22629740f3761c",
                "sha256:d16a0141ec1a18405cd4ce8b4613101da75da0e9a7aec5bdd4fa804d0e0eba73"
            ],
            "version": "==1.12.0"
        },
        "snowballstemmer": {
            "hashes": [
                "sha256:713e53b79cbcf97bc5245a06080a33d54a77e7cce2f789c835a143bcdb5c033e"
            ],
            "version": "==1.9.1"
        },
        "typed-ast": {
            "hashes": [
                "sha256:18511a0b3e7922276346bcb47e2ef9f38fb90fd31cb9223eed42c85d1312344e",
                "sha256:262c247a82d005e43b5b7f69aff746370538e176131c32dda9cb0f324d27141e",
                "sha256:2b907eb046d049bcd9892e3076c7a6456c93a25bebfe554e931620c90e6a25b0",
                "sha256:354c16e5babd09f5cb0ee000d54cfa38401d8b8891eefa878ac772f827181a3c",
                "sha256:4e0b70c6fc4d010f8107726af5fd37921b666f5b31d9331f0bd24ad9a088e631",
                "sha256:630968c5cdee51a11c05a30453f8cd65e0cc1d2ad0d9192819df9978984529f4",
                "sha256:66480f95b8167c9c5c5c87f32cf437d585937970f3fc24386f313a4c97b44e34",
                "sha256:71211d26ffd12d63a83e079ff258ac9d56a1376a25bc80b1cdcdf601b855b90b",
                "sha256:95bd11af7eafc16e829af2d3df510cecfd4387f6453355188342c3e79a2ec87a",
                "sha256:bc6c7d3fa1325a0c6613512a093bc2a2a15aeec350451cbdf9e1d4bffe3e3233",
                "sha256:cc34a6f5b426748a507dd5d1de4c1978f2eb5626d51326e43280941206c209e1",
                "sha256:d755f03c1e4a51e9b24d899561fec4ccaf51f210d52abdf8c07ee2849b212a36",
                "sha256:d7c45933b1bdfaf9f36c579671fec15d25b06c8398f113dab64c18ed1adda01d",
                "sha256:d896919306dd0aa22d0132f62a1b78d11aaf4c9fc5b3410d3c666b818191630a",
                "sha256:ffde2fbfad571af120fcbfbbc61c72469e72f550d676c3342492a9dfdefb8f12"
            ],
            "version": "==1.4.0"
        },
        "typing-extensions": {
            "hashes": [
                "sha256:2ed632b30bb54fc3941c382decfd0ee4148f5c591651c9272473fea2c6397d95",
                "sha256:b1edbbf0652660e32ae780ac9433f4231e7339c7f9a8057d0f042fcbcea49b87",
                "sha256:d8179012ec2c620d3791ca6fe2bf7979d979acdbef1fca0bc56b37411db682ed"
            ],
            "version": "==3.7.4"
        },
        "wcwidth": {
            "hashes": [
                "sha256:3df37372226d6e63e1b1e1eda15c594bca98a22d33a23832a90998faa96bc65e",
                "sha256:f4ebe71925af7b40a864553f761ed559b43544f8f71746c2d756c7fe788ade7c"
            ],
            "version": "==0.1.7"
        },
        "zipp": {
            "hashes": [
                "sha256:3718b1cbcd963c7d4c5511a8240812904164b7f381b647143a89d3b98f9bcd8e",
                "sha256:f06903e9f1f43b12d371004b4ac7b06ab39a44adc747266928ae6debfa7b3335"
            ],
            "version": "==0.6.0"
        }
    }
}
